
Microsoft Visual Studio Solution File, Format Version 12.00
# Visual Studio 15
VisualStudioVersion = 15.0.26228.9
MinimumVisualStudioVersion = 10.0.40219.1
Project("{9A19103F-16F7-4668-BE54-9A1E7A4F7556}") = "Microsoft.CoreWf", "src\Microsoft.CoreWf\Microsoft.CoreWf.csproj", "{6FDE90B5-C1D9-4803-A7BA-722393499806}"
EndProject
Project("{9A19103F-16F7-4668-BE54-9A1E7A4F7556}") = "Microsoft.CoreWf.EtwTracking", "src\Microsoft.CoreWf.EtwTracking\Microsoft.CoreWf.EtwTracking.csproj", "{80EE62AF-7330-420E-8CF9-60830A3AE16D}"
EndProject
Global
	GlobalSection(SolutionConfigurationPlatforms) = preSolution
		Debug|Any CPU = Debug|Any CPU
		Release|Any CPU = Release|Any CPU
	EndGlobalSection
	GlobalSection(ProjectConfigurationPlatforms) = postSolution
		{6FDE90B5-C1D9-4803-A7BA-722393499806}.Debug|Any CPU.ActiveCfg = Debug|Any CPU
		{6FDE90B5-C1D9-4803-A7BA-722393499806}.Debug|Any CPU.Build.0 = Debug|Any CPU
		{6FDE90B5-C1D9-4803-A7BA-722393499806}.Release|Any CPU.ActiveCfg = Release|Any CPU
		{6FDE90B5-C1D9-4803-A7BA-722393499806}.Release|Any CPU.Build.0 = Release|Any CPU
		{80EE62AF-7330-420E-8CF9-60830A3AE16D}.Debug|Any CPU.ActiveCfg = Debug|Any CPU
		{80EE62AF-7330-420E-8CF9-60830A3AE16D}.Debug|Any CPU.Build.0 = Debug|Any CPU
		{80EE62AF-7330-420E-8CF9-60830A3AE16D}.Release|Any CPU.ActiveCfg = Release|Any CPU
		{80EE62AF-7330-420E-8CF9-60830A3AE16D}.Release|Any CPU.Build.0 = Release|Any CPU
	EndGlobalSection
	GlobalSection(SolutionProperties) = preSolution
		HideSolutionNode = FALSE
	EndGlobalSection
EndGlobal
