
Microsoft Visual Studio Solution File, Format Version 12.00
# Visual Studio 15
VisualStudioVersion = 15.0.26228.9
MinimumVisualStudioVersion = 10.0.40219.1
Project("{9A19103F-16F7-4668-BE54-9A1E7A4F7556}") = "Microsoft.CoreWf", "src\Microsoft.CoreWf\Microsoft.CoreWf.csproj", "{6FDE90B5-C1D9-4803-A7BA-722393499806}"
EndProject
Project("{9A19103F-16F7-4668-BE54-9A1E7A4F7556}") = "Microsoft.CoreWf.EtwTracking", "src\Microsoft.CoreWf.EtwTracking\Microsoft.CoreWf.EtwTracking.csproj", "{80EE62AF-7330-420E-8CF9-60830A3AE16D}"
EndProject
Project("{2150E333-8FDC-42A3-9474-1A3956D46DE8}") = "src", "src", "{C6EF1FCE-5CD4-4129-B68A-B27F831C3D74}"
EndProject
Project("{2150E333-8FDC-42A3-9474-1A3956D46DE8}") = "test", "test", "{12B53C09-6E41-4A9F-9A9C-D3C6C148663A}"
EndProject
Project("{9A19103F-16F7-4668-BE54-9A1E7A4F7556}") = "BookmarkConsoleApp", "test\BookmarkConsoleApp\BookmarkConsoleApp.csproj", "{582230ED-296E-4DCB-8C78-5C4296B8AF27}"
EndProject
Project("{9A19103F-16F7-4668-BE54-9A1E7A4F7556}") = "JsonFileInstanceStore", "test\JsonFileInstanceStore\JsonFileInstanceStore.csproj", "{E8DC854D-F9A9-4253-8EC3-9E0F26EA1065}"
EndProject
Project("{9A19103F-16F7-4668-BE54-9A1E7A4F7556}") = "Samples", "test\Samples\Samples.csproj", "{70858A60-6671-4431-9A25-180D27FAD704}"
EndProject
Project("{9A19103F-16F7-4668-BE54-9A1E7A4F7556}") = "TestCases.Activities", "test\TestCases.Activities\TestCases.Activities.csproj", "{B5F0FF57-16FD-4852-A237-273B3982025D}"
EndProject
Project("{9A19103F-16F7-4668-BE54-9A1E7A4F7556}") = "TestCases.Runtime", "test\TestCases.Runtime\TestCases.Runtime.csproj", "{F5FC4149-4CF3-45FB-8B9F-22C947C1DB95}"
EndProject
Project("{9A19103F-16F7-4668-BE54-9A1E7A4F7556}") = "TestFileInstanceStore", "test\TestFileInstanceStore\TestFileInstanceStore.csproj", "{A998263F-B535-4B5E-96BB-DE9495F9A213}"
EndProject
Project("{9A19103F-16F7-4668-BE54-9A1E7A4F7556}") = "TestObjects", "test\TestObjects\TestObjects.csproj", "{6C8DB8B4-D0A2-41E8-83CE-0045213AC116}"
EndProject
Global
	GlobalSection(SolutionConfigurationPlatforms) = preSolution
		Debug|Any CPU = Debug|Any CPU
		Release|Any CPU = Release|Any CPU
	EndGlobalSection
	GlobalSection(ProjectConfigurationPlatforms) = postSolution
		{6FDE90B5-C1D9-4803-A7BA-722393499806}.Debug|Any CPU.ActiveCfg = Debug|Any CPU
		{6FDE90B5-C1D9-4803-A7BA-722393499806}.Debug|Any CPU.Build.0 = Debug|Any CPU
		{6FDE90B5-C1D9-4803-A7BA-722393499806}.Release|Any CPU.ActiveCfg = Release|Any CPU
		{6FDE90B5-C1D9-4803-A7BA-722393499806}.Release|Any CPU.Build.0 = Release|Any CPU
		{80EE62AF-7330-420E-8CF9-60830A3AE16D}.Debug|Any CPU.ActiveCfg = Debug|Any CPU
		{80EE62AF-7330-420E-8CF9-60830A3AE16D}.Debug|Any CPU.Build.0 = Debug|Any CPU
		{80EE62AF-7330-420E-8CF9-60830A3AE16D}.Release|Any CPU.ActiveCfg = Release|Any CPU
		{80EE62AF-7330-420E-8CF9-60830A3AE16D}.Release|Any CPU.Build.0 = Release|Any CPU
		{582230ED-296E-4DCB-8C78-5C4296B8AF27}.Debug|Any CPU.ActiveCfg = Debug|Any CPU
		{582230ED-296E-4DCB-8C78-5C4296B8AF27}.Debug|Any CPU.Build.0 = Debug|Any CPU
		{582230ED-296E-4DCB-8C78-5C4296B8AF27}.Release|Any CPU.ActiveCfg = Release|Any CPU
		{582230ED-296E-4DCB-8C78-5C4296B8AF27}.Release|Any CPU.Build.0 = Release|Any CPU
		{E8DC854D-F9A9-4253-8EC3-9E0F26EA1065}.Debug|Any CPU.ActiveCfg = Debug|Any CPU
		{E8DC854D-F9A9-4253-8EC3-9E0F26EA1065}.Debug|Any CPU.Build.0 = Debug|Any CPU
		{E8DC854D-F9A9-4253-8EC3-9E0F26EA1065}.Release|Any CPU.ActiveCfg = Release|Any CPU
		{E8DC854D-F9A9-4253-8EC3-9E0F26EA1065}.Release|Any CPU.Build.0 = Release|Any CPU
		{70858A60-6671-4431-9A25-180D27FAD704}.Debug|Any CPU.ActiveCfg = Debug|Any CPU
		{70858A60-6671-4431-9A25-180D27FAD704}.Debug|Any CPU.Build.0 = Debug|Any CPU
		{70858A60-6671-4431-9A25-180D27FAD704}.Release|Any CPU.ActiveCfg = Release|Any CPU
		{70858A60-6671-4431-9A25-180D27FAD704}.Release|Any CPU.Build.0 = Release|Any CPU
		{B5F0FF57-16FD-4852-A237-273B3982025D}.Debug|Any CPU.ActiveCfg = Debug|Any CPU
		{B5F0FF57-16FD-4852-A237-273B3982025D}.Debug|Any CPU.Build.0 = Debug|Any CPU
		{B5F0FF57-16FD-4852-A237-273B3982025D}.Release|Any CPU.ActiveCfg = Release|Any CPU
		{B5F0FF57-16FD-4852-A237-273B3982025D}.Release|Any CPU.Build.0 = Release|Any CPU
		{F5FC4149-4CF3-45FB-8B9F-22C947C1DB95}.Debug|Any CPU.ActiveCfg = Debug|Any CPU
		{F5FC4149-4CF3-45FB-8B9F-22C947C1DB95}.Debug|Any CPU.Build.0 = Debug|Any CPU
		{F5FC4149-4CF3-45FB-8B9F-22C947C1DB95}.Release|Any CPU.ActiveCfg = Release|Any CPU
		{F5FC4149-4CF3-45FB-8B9F-22C947C1DB95}.Release|Any CPU.Build.0 = Release|Any CPU
		{A998263F-B535-4B5E-96BB-DE9495F9A213}.Debug|Any CPU.ActiveCfg = Debug|Any CPU
		{A998263F-B535-4B5E-96BB-DE9495F9A213}.Debug|Any CPU.Build.0 = Debug|Any CPU
		{A998263F-B535-4B5E-96BB-DE9495F9A213}.Release|Any CPU.ActiveCfg = Release|Any CPU
		{A998263F-B535-4B5E-96BB-DE9495F9A213}.Release|Any CPU.Build.0 = Release|Any CPU
		{6C8DB8B4-D0A2-41E8-83CE-0045213AC116}.Debug|Any CPU.ActiveCfg = Debug|Any CPU
		{6C8DB8B4-D0A2-41E8-83CE-0045213AC116}.Debug|Any CPU.Build.0 = Debug|Any CPU
		{6C8DB8B4-D0A2-41E8-83CE-0045213AC116}.Release|Any CPU.ActiveCfg = Release|Any CPU
		{6C8DB8B4-D0A2-41E8-83CE-0045213AC116}.Release|Any CPU.Build.0 = Release|Any CPU
	EndGlobalSection
	GlobalSection(SolutionProperties) = preSolution
		HideSolutionNode = FALSE
	EndGlobalSection
	GlobalSection(NestedProjects) = preSolution
		{6FDE90B5-C1D9-4803-A7BA-722393499806} = {C6EF1FCE-5CD4-4129-B68A-B27F831C3D74}
		{80EE62AF-7330-420E-8CF9-60830A3AE16D} = {C6EF1FCE-5CD4-4129-B68A-B27F831C3D74}
		{582230ED-296E-4DCB-8C78-5C4296B8AF27} = {12B53C09-6E41-4A9F-9A9C-D3C6C148663A}
		{E8DC854D-F9A9-4253-8EC3-9E0F26EA1065} = {12B53C09-6E41-4A9F-9A9C-D3C6C148663A}
		{70858A60-6671-4431-9A25-180D27FAD704} = {12B53C09-6E41-4A9F-9A9C-D3C6C148663A}
		{B5F0FF57-16FD-4852-A237-273B3982025D} = {12B53C09-6E41-4A9F-9A9C-D3C6C148663A}
		{F5FC4149-4CF3-45FB-8B9F-22C947C1DB95} = {12B53C09-6E41-4A9F-9A9C-D3C6C148663A}
		{A998263F-B535-4B5E-96BB-DE9495F9A213} = {12B53C09-6E41-4A9F-9A9C-D3C6C148663A}
		{6C8DB8B4-D0A2-41E8-83CE-0045213AC116} = {12B53C09-6E41-4A9F-9A9C-D3C6C148663A}
	EndGlobalSection
EndGlobal
